<?xml version="1.0" encoding="utf-8"?>
<Project ToolsVersion="4.0" xmlns="http://schemas.microsoft.com/developer/msbuild/2003">
  <ItemGroup>
    <Filter Include="Source Files">
      <UniqueIdentifier>{4FC737F1-C7A5-4376-A066-2A32D752A2FF}</UniqueIdentifier>
      <Extensions>cpp;cxx;c;def</Extensions>
    </Filter>
    <Filter Include="Header Files">
      <UniqueIdentifier>{93995380-89BD-4b04-88EB-625FBE52EBFB}</UniqueIdentifier>
      <Extensions>h</Extensions>
    </Filter>
    <Filter Include="Form Files">
      <UniqueIdentifier>{99349809-55BA-4b9d-BF79-8FDBB0286EB3}</UniqueIdentifier>
      <Extensions>ui</Extensions>
    </Filter>
    <Filter Include="Resource Files">
      <UniqueIdentifier>{D9D6E242-F8AF-46E4-B9FD-80ECBC20BA3E}</UniqueIdentifier>
      <Extensions>qrc;*</Extensions>
      <ParseFiles>false</ParseFiles>
    </Filter>
    <Filter Include="Generated Files">
      <UniqueIdentifier>{71ED8ED8-ACB9-4CE9-BBE1-E00B30144E11}</UniqueIdentifier>
      <Extensions>moc;h;cpp</Extensions>
      <SourceControlFiles>False</SourceControlFiles>
    </Filter>
    <Filter Include="Generated Files\Debug">
      <UniqueIdentifier>{355c46ca-4fed-4e8b-a83a-d8fa2e71f0fe}</UniqueIdentifier>
      <Extensions>cpp;moc</Extensions>
      <SourceControlFiles>False</SourceControlFiles>
    </Filter>
    <Filter Include="Generated Files\Release">
      <UniqueIdentifier>{e62e5a36-46f5-408f-8b5b-675bdb58884d}</UniqueIdentifier>
      <Extensions>cpp;moc</Extensions>
      <SourceControlFiles>False</SourceControlFiles>
    </Filter>
    <Filter Include="Translation Files">
      <UniqueIdentifier>{639EADAA-A684-42e4-A9AD-28FC9BCB8F7C}</UniqueIdentifier>
      <Extensions>ts</Extensions>
      <ParseFiles>false</ParseFiles>
    </Filter>
    <Filter Include="Source Files\Last.fm">
      <UniqueIdentifier>{8e51d814-8a0a-4257-b701-f8c115fe47e1}</UniqueIdentifier>
    </Filter>
    <Filter Include="Header Files\Last.fm">
      <UniqueIdentifier>{96bb632b-17c3-4a44-bfaa-3406ea885137}</UniqueIdentifier>
    </Filter>
    <Filter Include="Header Files\Importer">
      <UniqueIdentifier>{cc87ed29-2e7b-4c91-a2a7-e143703ae1e9}</UniqueIdentifier>
    </Filter>
    <Filter Include="Source Files\Importer">
      <UniqueIdentifier>{85bbc06a-5cf9-4570-ae6b-96f415dda68e}</UniqueIdentifier>
    </Filter>
    <Filter Include="Header Files\Dialog">
      <UniqueIdentifier>{b07667cc-d6d1-423d-be19-9fb0b924d523}</UniqueIdentifier>
    </Filter>
    <Filter Include="Source Files\Dialog">
      <UniqueIdentifier>{59276cd2-98f4-48da-8d72-90aef7e685da}</UniqueIdentifier>
    </Filter>
  </ItemGroup>
  <ItemGroup>
    <ClCompile Include="Sources\CApplication.cpp">
      <Filter>Source Files</Filter>
    </ClCompile>
    <ClCompile Include="GeneratedFiles\Debug\moc_CApplication.cpp">
      <Filter>Generated Files\Debug</Filter>
    </ClCompile>
    <ClCompile Include="GeneratedFiles\Release\moc_CApplication.cpp">
      <Filter>Generated Files\Release</Filter>
    </ClCompile>
    <ClCompile Include="Sources\CSong.cpp">
      <Filter>Source Files</Filter>
    </ClCompile>
    <ClCompile Include="GeneratedFiles\Debug\moc_CSong.cpp">
      <Filter>Generated Files\Debug</Filter>
    </ClCompile>
    <ClCompile Include="GeneratedFiles\Release\moc_CSong.cpp">
      <Filter>Generated Files\Release</Filter>
    </ClCompile>
    <ClCompile Include="Sources\CSongTable.cpp">
      <Filter>Source Files</Filter>
    </ClCompile>
    <ClCompile Include="GeneratedFiles\Debug\moc_CSongTable.cpp">
      <Filter>Generated Files\Debug</Filter>
    </ClCompile>
    <ClCompile Include="GeneratedFiles\Release\moc_CSongTable.cpp">
      <Filter>Generated Files\Release</Filter>
    </ClCompile>
    <ClCompile Include="Sources\CSongTableModel.cpp">
      <Filter>Source Files</Filter>
    </ClCompile>
    <ClCompile Include="GeneratedFiles\Debug\moc_CSongTableModel.cpp">
      <Filter>Generated Files\Debug</Filter>
    </ClCompile>
    <ClCompile Include="GeneratedFiles\Release\moc_CSongTableModel.cpp">
      <Filter>Generated Files\Release</Filter>
    </ClCompile>
    <ClCompile Include="Sources\CStaticPlayList.cpp">
      <Filter>Source Files</Filter>
    </ClCompile>
    <ClCompile Include="GeneratedFiles\Debug\moc_CStaticPlayList.cpp">
      <Filter>Generated Files\Debug</Filter>
    </ClCompile>
    <ClCompile Include="GeneratedFiles\Release\moc_CStaticPlayList.cpp">
      <Filter>Generated Files\Release</Filter>
    </ClCompile>
    <ClCompile Include="Sources\main.cpp">
      <Filter>Source Files</Filter>
    </ClCompile>
    <ClCompile Include="GeneratedFiles\qrc_TMediaPlayer.cpp">
      <Filter>Generated Files</Filter>
    </ClCompile>
    <ClCompile Include="Sources\CSongTableHeader.cpp">
      <Filter>Source Files</Filter>
    </ClCompile>
    <ClCompile Include="GeneratedFiles\Debug\moc_CSongTableHeader.cpp">
      <Filter>Generated Files\Debug</Filter>
    </ClCompile>
    <ClCompile Include="GeneratedFiles\Release\moc_CSongTableHeader.cpp">
      <Filter>Generated Files\Release</Filter>
    </ClCompile>
    <ClCompile Include="Sources\CPlayListView.cpp">
      <Filter>Source Files</Filter>
    </ClCompile>
    <ClCompile Include="GeneratedFiles\Debug\moc_CPlayListView.cpp">
      <Filter>Generated Files\Debug</Filter>
    </ClCompile>
    <ClCompile Include="GeneratedFiles\Release\moc_CPlayListView.cpp">
      <Filter>Generated Files\Release</Filter>
    </ClCompile>
    <ClCompile Include="Sources\CMultiCriterion.cpp">
      <Filter>Source Files</Filter>
    </ClCompile>
    <ClCompile Include="Sources\CWidgetCriteria.cpp">
      <Filter>Source Files</Filter>
    </ClCompile>
    <ClCompile Include="Sources\CWidgetMultiCriterion.cpp">
      <Filter>Source Files</Filter>
    </ClCompile>
    <ClCompile Include="Sources\ICriteria.cpp">
      <Filter>Source Files</Filter>
    </ClCompile>
    <ClCompile Include="GeneratedFiles\Debug\moc_CWidgetMultiCriterion.cpp">
      <Filter>Generated Files\Debug</Filter>
    </ClCompile>
    <ClCompile Include="GeneratedFiles\Release\moc_CWidgetMultiCriterion.cpp">
      <Filter>Generated Files\Release</Filter>
    </ClCompile>
    <ClCompile Include="GeneratedFiles\Debug\moc_ICriteria.cpp">
      <Filter>Generated Files\Debug</Filter>
    </ClCompile>
    <ClCompile Include="GeneratedFiles\Release\moc_ICriteria.cpp">
      <Filter>Generated Files\Release</Filter>
    </ClCompile>
    <ClCompile Include="GeneratedFiles\Debug\moc_IWidgetCriteria.cpp">
      <Filter>Generated Files\Debug</Filter>
    </ClCompile>
    <ClCompile Include="GeneratedFiles\Release\moc_IWidgetCriteria.cpp">
      <Filter>Generated Files\Release</Filter>
    </ClCompile>
    <ClCompile Include="Sources\IWidgetCriteria.cpp">
      <Filter>Source Files</Filter>
    </ClCompile>
    <ClCompile Include="GeneratedFiles\Debug\moc_CWidgetCriteria.cpp">
      <Filter>Generated Files\Debug</Filter>
    </ClCompile>
    <ClCompile Include="GeneratedFiles\Release\moc_CWidgetCriteria.cpp">
      <Filter>Generated Files\Release</Filter>
    </ClCompile>
    <ClCompile Include="Sources\CCriteria.cpp">
      <Filter>Source Files</Filter>
    </ClCompile>
    <ClCompile Include="GeneratedFiles\Debug\moc_CMultiCriterion.cpp">
      <Filter>Generated Files\Debug</Filter>
    </ClCompile>
    <ClCompile Include="GeneratedFiles\Release\moc_CMultiCriterion.cpp">
      <Filter>Generated Files\Release</Filter>
    </ClCompile>
    <ClCompile Include="GeneratedFiles\Debug\moc_CCriteria.cpp">
      <Filter>Generated Files\Debug</Filter>
    </ClCompile>
    <ClCompile Include="GeneratedFiles\Release\moc_CCriteria.cpp">
      <Filter>Generated Files\Release</Filter>
    </ClCompile>
    <ClCompile Include="Sources\Last.fm\CUpdateNowPlaying.cpp">
      <Filter>Source Files\Last.fm</Filter>
    </ClCompile>
    <ClCompile Include="Sources\Last.fm\ILastFmService.cpp">
      <Filter>Source Files\Last.fm</Filter>
    </ClCompile>
    <ClCompile Include="GeneratedFiles\Debug\moc_ILastFmService.cpp">
      <Filter>Generated Files\Debug</Filter>
    </ClCompile>
    <ClCompile Include="GeneratedFiles\Release\moc_ILastFmService.cpp">
      <Filter>Generated Files\Release</Filter>
    </ClCompile>
    <ClCompile Include="GeneratedFiles\Debug\moc_CUpdateNowPlaying.cpp">
      <Filter>Generated Files\Debug</Filter>
    </ClCompile>
    <ClCompile Include="GeneratedFiles\Release\moc_CUpdateNowPlaying.cpp">
      <Filter>Generated Files\Release</Filter>
    </ClCompile>
    <ClCompile Include="GeneratedFiles\Debug\moc_CAuthentication.cpp">
      <Filter>Generated Files\Debug</Filter>
    </ClCompile>
    <ClCompile Include="GeneratedFiles\Release\moc_CAuthentication.cpp">
      <Filter>Generated Files\Release</Filter>
    </ClCompile>
    <ClCompile Include="Sources\Last.fm\CAuthentication.cpp">
      <Filter>Source Files\Last.fm</Filter>
    </ClCompile>
    <ClCompile Include="GeneratedFiles\Debug\moc_CScrobble.cpp">
      <Filter>Generated Files\Debug</Filter>
    </ClCompile>
    <ClCompile Include="GeneratedFiles\Release\moc_CScrobble.cpp">
      <Filter>Generated Files\Release</Filter>
    </ClCompile>
    <ClCompile Include="Sources\Last.fm\CScrobble.cpp">
      <Filter>Source Files\Last.fm</Filter>
    </ClCompile>
    <ClCompile Include="Sources\CRating.cpp">
      <Filter>Source Files</Filter>
    </ClCompile>
    <ClCompile Include="Sources\CRatingDelegate.cpp">
      <Filter>Source Files</Filter>
    </ClCompile>
    <ClCompile Include="GeneratedFiles\Debug\moc_CRatingDelegate.cpp">
      <Filter>Generated Files\Debug</Filter>
    </ClCompile>
    <ClCompile Include="GeneratedFiles\Release\moc_CRatingDelegate.cpp">
      <Filter>Generated Files\Release</Filter>
    </ClCompile>
    <ClCompile Include="Sources\CRatingEditor.cpp">
      <Filter>Source Files</Filter>
    </ClCompile>
    <ClCompile Include="GeneratedFiles\Debug\moc_CRatingEditor.cpp">
      <Filter>Generated Files\Debug</Filter>
    </ClCompile>
    <ClCompile Include="GeneratedFiles\Release\moc_CRatingEditor.cpp">
      <Filter>Generated Files\Release</Filter>
    </ClCompile>
    <ClCompile Include="Sources\CSpecialSpinBox.cpp">
      <Filter>Source Files</Filter>
    </ClCompile>
    <ClCompile Include="GeneratedFiles\Debug\moc_CSpecialSpinBox.cpp">
      <Filter>Generated Files\Debug</Filter>
    </ClCompile>
    <ClCompile Include="GeneratedFiles\Release\moc_CSpecialSpinBox.cpp">
      <Filter>Generated Files\Release</Filter>
    </ClCompile>
    <ClCompile Include="GeneratedFiles\Debug\moc_CImporterITunes.cpp">
      <Filter>Generated Files\Debug</Filter>
    </ClCompile>
    <ClCompile Include="GeneratedFiles\Release\moc_CImporterITunes.cpp">
      <Filter>Generated Files\Release</Filter>
    </ClCompile>
    <ClCompile Include="Sources\Importer\CImporterITunes.cpp">
      <Filter>Source Files\Importer</Filter>
    </ClCompile>
    <ClCompile Include="GeneratedFiles\Debug\moc_CDialogEqualizer.cpp">
      <Filter>Generated Files\Debug</Filter>
    </ClCompile>
    <ClCompile Include="GeneratedFiles\Release\moc_CDialogEqualizer.cpp">
      <Filter>Generated Files\Release</Filter>
    </ClCompile>
    <ClCompile Include="Sources\Dialog\CDialogEqualizer.cpp">
      <Filter>Source Files\Dialog</Filter>
    </ClCompile>
    <ClCompile Include="Sources\Dialog\CDialogEditDynamicList.cpp">
      <Filter>Source Files\Dialog</Filter>
    </ClCompile>
    <ClCompile Include="Sources\Dialog\CDialogPreferences.cpp">
      <Filter>Source Files\Dialog</Filter>
    </ClCompile>
    <ClCompile Include="Sources\Dialog\CDialogEditFolder.cpp">
      <Filter>Source Files\Dialog</Filter>
    </ClCompile>
    <ClCompile Include="Sources\Dialog\CDialogEditMetadata.cpp">
      <Filter>Source Files\Dialog</Filter>
    </ClCompile>
    <ClCompile Include="Sources\Dialog\CDialogEditSong.cpp">
      <Filter>Source Files\Dialog</Filter>
    </ClCompile>
    <ClCompile Include="Sources\Dialog\CDialogEditSongs.cpp">
      <Filter>Source Files\Dialog</Filter>
    </ClCompile>
    <ClCompile Include="Sources\Dialog\CDialogEditStaticPlayList.cpp">
      <Filter>Source Files\Dialog</Filter>
    </ClCompile>
    <ClCompile Include="GeneratedFiles\Debug\moc_CDialogEditDynamicList.cpp">
      <Filter>Generated Files\Debug</Filter>
    </ClCompile>
    <ClCompile Include="GeneratedFiles\Release\moc_CDialogEditDynamicList.cpp">
      <Filter>Generated Files\Release</Filter>
    </ClCompile>
    <ClCompile Include="GeneratedFiles\Debug\moc_CDialogPreferences.cpp">
      <Filter>Generated Files\Debug</Filter>
    </ClCompile>
    <ClCompile Include="GeneratedFiles\Release\moc_CDialogPreferences.cpp">
      <Filter>Generated Files\Release</Filter>
    </ClCompile>
    <ClCompile Include="GeneratedFiles\Debug\moc_CDialogEditStaticPlayList.cpp">
      <Filter>Generated Files\Debug</Filter>
    </ClCompile>
    <ClCompile Include="GeneratedFiles\Release\moc_CDialogEditStaticPlayList.cpp">
      <Filter>Generated Files\Release</Filter>
    </ClCompile>
    <ClCompile Include="GeneratedFiles\Debug\moc_CDialogEditSongs.cpp">
      <Filter>Generated Files\Debug</Filter>
    </ClCompile>
    <ClCompile Include="GeneratedFiles\Release\moc_CDialogEditSongs.cpp">
      <Filter>Generated Files\Release</Filter>
    </ClCompile>
    <ClCompile Include="GeneratedFiles\Debug\moc_CDialogEditSong.cpp">
      <Filter>Generated Files\Debug</Filter>
    </ClCompile>
    <ClCompile Include="GeneratedFiles\Release\moc_CDialogEditSong.cpp">
      <Filter>Generated Files\Release</Filter>
    </ClCompile>
    <ClCompile Include="GeneratedFiles\Debug\moc_CDialogEditMetadata.cpp">
      <Filter>Generated Files\Debug</Filter>
    </ClCompile>
    <ClCompile Include="GeneratedFiles\Release\moc_CDialogEditMetadata.cpp">
      <Filter>Generated Files\Release</Filter>
    </ClCompile>
    <ClCompile Include="GeneratedFiles\Debug\moc_CDialogEditFolder.cpp">
      <Filter>Generated Files\Debug</Filter>
    </ClCompile>
    <ClCompile Include="GeneratedFiles\Release\moc_CDialogEditFolder.cpp">
      <Filter>Generated Files\Release</Filter>
    </ClCompile>
    <ClCompile Include="Sources\CListModel.cpp">
      <Filter>Source Files</Filter>
    </ClCompile>
    <ClCompile Include="GeneratedFiles\Debug\moc_CListModel.cpp">
      <Filter>Generated Files\Debug</Filter>
    </ClCompile>
    <ClCompile Include="GeneratedFiles\Release\moc_CListModel.cpp">
      <Filter>Generated Files\Release</Filter>
    </ClCompile>
    <ClCompile Include="GeneratedFiles\Debug\moc_CDynamicList.cpp">
      <Filter>Generated Files\Debug</Filter>
    </ClCompile>
    <ClCompile Include="GeneratedFiles\Release\moc_CDynamicList.cpp">
      <Filter>Generated Files\Release</Filter>
    </ClCompile>
    <ClCompile Include="Sources\CDynamicList.cpp">
      <Filter>Source Files</Filter>
    </ClCompile>
    <ClCompile Include="Sources\CFolder.cpp">
      <Filter>Source Files</Filter>
    </ClCompile>
    <ClCompile Include="GeneratedFiles\Debug\moc_CFolder.cpp">
      <Filter>Generated Files\Debug</Filter>
    </ClCompile>
    <ClCompile Include="GeneratedFiles\Release\moc_CFolder.cpp">
      <Filter>Generated Files\Release</Filter>
    </ClCompile>
    <ClCompile Include="Sources\CLibrary.cpp">
      <Filter>Source Files</Filter>
    </ClCompile>
    <ClCompile Include="GeneratedFiles\Debug\moc_CLibrary.cpp">
      <Filter>Generated Files\Debug</Filter>
    </ClCompile>
    <ClCompile Include="GeneratedFiles\Release\moc_CLibrary.cpp">
      <Filter>Generated Files\Release</Filter>
    </ClCompile>
    <ClCompile Include="GeneratedFiles\Debug\moc_IPlayList.cpp">
      <Filter>Generated Files\Debug</Filter>
    </ClCompile>
    <ClCompile Include="GeneratedFiles\Release\moc_IPlayList.cpp">
      <Filter>Generated Files\Release</Filter>
    </ClCompile>
    <ClCompile Include="Sources\IPlayList.cpp">
      <Filter>Source Files</Filter>
    </ClCompile>
  </ItemGroup>
  <ItemGroup>
    <CustomBuild Include="Sources\CApplication.hpp">
      <Filter>Header Files</Filter>
    </CustomBuild>
    <CustomBuild Include="Sources\CSong.hpp">
      <Filter>Header Files</Filter>
    </CustomBuild>
    <CustomBuild Include="Sources\CSongTable.hpp">
      <Filter>Header Files</Filter>
    </CustomBuild>
    <CustomBuild Include="Sources\CSongTableModel.hpp">
      <Filter>Header Files</Filter>
    </CustomBuild>
    <CustomBuild Include="Sources\CStaticPlayList.hpp">
      <Filter>Header Files</Filter>
    </CustomBuild>
    <CustomBuild Include="Form\DialogEditDynamicPlayList.ui">
      <Filter>Form Files</Filter>
    </CustomBuild>
    <CustomBuild Include="Form\DialogEditSong.ui">
      <Filter>Form Files</Filter>
    </CustomBuild>
    <CustomBuild Include="Form\DialogEditStaticPlayList.ui">
      <Filter>Form Files</Filter>
    </CustomBuild>
    <CustomBuild Include="Form\TMediaPlayer.ui">
      <Filter>Form Files</Filter>
    </CustomBuild>
    <CustomBuild Include="TMediaPlayer.qrc">
      <Filter>Resource Files</Filter>
    </CustomBuild>
    <CustomBuild Include="Form\DialogEditSongs.ui">
      <Filter>Form Files</Filter>
    </CustomBuild>
    <CustomBuild Include="Sources\CSongTableHeader.hpp">
      <Filter>Header Files</Filter>
    </CustomBuild>
    <CustomBuild Include="Sources\CPlayListView.hpp">
      <Filter>Header Files</Filter>
    </CustomBuild>
    <CustomBuild Include="Form\WidgetCriteria.ui">
      <Filter>Form Files</Filter>
    </CustomBuild>
    <CustomBuild Include="Form\WidgetMultiCriterion.ui">
      <Filter>Form Files</Filter>
    </CustomBuild>
    <CustomBuild Include="Sources\CWidgetCriteria.hpp">
      <Filter>Header Files</Filter>
    </CustomBuild>
    <CustomBuild Include="Sources\CWidgetMultiCriterion.hpp">
      <Filter>Header Files</Filter>
    </CustomBuild>
    <CustomBuild Include="Sources\ICriteria.hpp">
      <Filter>Header Files</Filter>
    </CustomBuild>
    <CustomBuild Include="Sources\IWidgetCriteria.hpp">
      <Filter>Header Files</Filter>
    </CustomBuild>
    <CustomBuild Include="Form\DialogPreferences.ui">
      <Filter>Form Files</Filter>
    </CustomBuild>
    <CustomBuild Include="Sources\CMultiCriterion.hpp">
      <Filter>Header Files</Filter>
    </CustomBuild>
    <CustomBuild Include="Sources\CCriteria.hpp">
      <Filter>Header Files</Filter>
    </CustomBuild>
    <CustomBuild Include="Sources\Last.fm\ILastFmService.hpp">
      <Filter>Header Files\Last.fm</Filter>
    </CustomBuild>
    <CustomBuild Include="Sources\Last.fm\CUpdateNowPlaying.hpp">
      <Filter>Header Files\Last.fm</Filter>
    </CustomBuild>
    <CustomBuild Include="Sources\Last.fm\CAuthentication.hpp">
      <Filter>Header Files\Last.fm</Filter>
    </CustomBuild>
    <CustomBuild Include="Form\DialogEditMetadata.ui">
      <Filter>Form Files</Filter>
    </CustomBuild>
    <CustomBuild Include="Form\WidgetControl.ui">
      <Filter>Form Files</Filter>
    </CustomBuild>
    <CustomBuild Include="Sources\Last.fm\CScrobble.hpp">
      <Filter>Header Files\Last.fm</Filter>
    </CustomBuild>
    <CustomBuild Include="Sources\CRatingDelegate.hpp">
      <Filter>Header Files</Filter>
    </CustomBuild>
    <CustomBuild Include="Sources\CRatingEditor.hpp">
      <Filter>Header Files</Filter>
    </CustomBuild>
    <CustomBuild Include="Sources\CSpecialSpinBox.hpp">
      <Filter>Header Files</Filter>
    </CustomBuild>
    <CustomBuild Include="Sources\Importer\CImporterITunes.hpp">
      <Filter>Header Files\Importer</Filter>
    </CustomBuild>
    <CustomBuild Include="Form\DialogEditFolder.ui">
      <Filter>Form Files</Filter>
    </CustomBuild>
    <CustomBuild Include="Form\DialogEqualizer.ui">
      <Filter>Form Files</Filter>
    </CustomBuild>
    <CustomBuild Include="Sources\Dialog\CDialogEqualizer.hpp">
      <Filter>Header Files\Dialog</Filter>
    </CustomBuild>
    <CustomBuild Include="Sources\Dialog\CDialogEditDynamicList.hpp">
      <Filter>Header Files\Dialog</Filter>
    </CustomBuild>
    <CustomBuild Include="Sources\Dialog\CDialogPreferences.hpp">
      <Filter>Header Files\Dialog</Filter>
    </CustomBuild>
    <CustomBuild Include="Sources\Dialog\CDialogEditStaticPlayList.hpp">
      <Filter>Header Files\Dialog</Filter>
    </CustomBuild>
    <CustomBuild Include="Sources\Dialog\CDialogEditSongs.hpp">
      <Filter>Header Files\Dialog</Filter>
    </CustomBuild>
    <CustomBuild Include="Sources\Dialog\CDialogEditSong.hpp">
      <Filter>Header Files\Dialog</Filter>
    </CustomBuild>
    <CustomBuild Include="Sources\Dialog\CDialogEditMetadata.hpp">
      <Filter>Header Files\Dialog</Filter>
    </CustomBuild>
    <CustomBuild Include="Sources\Dialog\CDialogEditFolder.hpp">
      <Filter>Header Files\Dialog</Filter>
    </CustomBuild>
    <CustomBuild Include="Sources\CListModel.hpp">
      <Filter>Header Files</Filter>
    </CustomBuild>
    <CustomBuild Include="Sources\CDynamicList.hpp">
      <Filter>Header Files</Filter>
    </CustomBuild>
    <CustomBuild Include="Sources\CFolder.hpp">
      <Filter>Header Files</Filter>
    </CustomBuild>
    <CustomBuild Include="Sources\CLibrary.hpp">
      <Filter>Header Files</Filter>
    </CustomBuild>
    <CustomBuild Include="Sources\IPlayList.hpp">
      <Filter>Header Files</Filter>
    </CustomBuild>
  </ItemGroup>
  <ItemGroup>
    <ClInclude Include="GeneratedFiles\ui_DialogEditDynamicPlayList.h">
      <Filter>Generated Files</Filter>
    </ClInclude>
    <ClInclude Include="GeneratedFiles\ui_DialogEditSong.h">
      <Filter>Generated Files</Filter>
    </ClInclude>
    <ClInclude Include="GeneratedFiles\ui_DialogEditStaticPlayList.h">
      <Filter>Generated Files</Filter>
    </ClInclude>
    <ClInclude Include="GeneratedFiles\ui_TMediaPlayer.h">
      <Filter>Generated Files</Filter>
    </ClInclude>
    <ClInclude Include="GeneratedFiles\ui_DialogEditSongs.h">
      <Filter>Generated Files</Filter>
    </ClInclude>
    <ClInclude Include="GeneratedFiles\ui_WidgetCriteria.h">
      <Filter>Generated Files</Filter>
    </ClInclude>
    <ClInclude Include="GeneratedFiles\ui_WidgetMultiCriterion.h">
      <Filter>Generated Files</Filter>
    </ClInclude>
    <ClInclude Include="GeneratedFiles\ui_DialogPreferences.h">
      <Filter>Generated Files</Filter>
    </ClInclude>
    <ClInclude Include="GeneratedFiles\ui_DialogEditMetadata.h">
      <Filter>Generated Files</Filter>
    </ClInclude>
    <ClInclude Include="GeneratedFiles\ui_WidgetControl.h">
      <Filter>Generated Files</Filter>
    </ClInclude>
    <ClInclude Include="Sources\CRating.hpp">
      <Filter>Header Files</Filter>
    </ClInclude>
    <ClInclude Include="GeneratedFiles\ui_DialogEditFolder.h">
      <Filter>Generated Files</Filter>
    </ClInclude>
    <ClInclude Include="GeneratedFiles\ui_DialogEqualizer.h">
      <Filter>Generated Files</Filter>
    </ClInclude>
  </ItemGroup>
  <ItemGroup>
    <None Include="Lang\TMediaPlayer_fr.ts">
      <Filter>Translation Files</Filter>
    </None>
  </ItemGroup>
</Project>