<?xml version="1.0" encoding="utf-8"?>
<Project ToolsVersion="4.0" xmlns="http://schemas.microsoft.com/developer/msbuild/2003">
  <ItemGroup>
    <Filter Include="Source Files">
      <UniqueIdentifier>{4FC737F1-C7A5-4376-A066-2A32D752A2FF}</UniqueIdentifier>
      <Extensions>cpp;cxx;c;def</Extensions>
    </Filter>
    <Filter Include="Header Files">
      <UniqueIdentifier>{93995380-89BD-4b04-88EB-625FBE52EBFB}</UniqueIdentifier>
      <Extensions>h</Extensions>
    </Filter>
    <Filter Include="Form Files">
      <UniqueIdentifier>{99349809-55BA-4b9d-BF79-8FDBB0286EB3}</UniqueIdentifier>
      <Extensions>ui</Extensions>
    </Filter>
    <Filter Include="Resource Files">
      <UniqueIdentifier>{D9D6E242-F8AF-46E4-B9FD-80ECBC20BA3E}</UniqueIdentifier>
      <Extensions>qrc;*</Extensions>
      <ParseFiles>false</ParseFiles>
    </Filter>
    <Filter Include="Generated Files">
      <UniqueIdentifier>{71ED8ED8-ACB9-4CE9-BBE1-E00B30144E11}</UniqueIdentifier>
      <Extensions>moc;h;cpp</Extensions>
      <SourceControlFiles>False</SourceControlFiles>
    </Filter>
    <Filter Include="Translation Files">
      <UniqueIdentifier>{639EADAA-A684-42e4-A9AD-28FC9BCB8F7C}</UniqueIdentifier>
      <Extensions>ts</Extensions>
      <ParseFiles>false</ParseFiles>
    </Filter>
    <Filter Include="Source Files\Last.fm">
      <UniqueIdentifier>{8e51d814-8a0a-4257-b701-f8c115fe47e1}</UniqueIdentifier>
    </Filter>
    <Filter Include="Header Files\Last.fm">
      <UniqueIdentifier>{96bb632b-17c3-4a44-bfaa-3406ea885137}</UniqueIdentifier>
    </Filter>
    <Filter Include="Header Files\Importer">
      <UniqueIdentifier>{cc87ed29-2e7b-4c91-a2a7-e143703ae1e9}</UniqueIdentifier>
    </Filter>
    <Filter Include="Source Files\Importer">
      <UniqueIdentifier>{85bbc06a-5cf9-4570-ae6b-96f415dda68e}</UniqueIdentifier>
    </Filter>
    <Filter Include="Header Files\Dialog">
      <UniqueIdentifier>{b07667cc-d6d1-423d-be19-9fb0b924d523}</UniqueIdentifier>
    </Filter>
    <Filter Include="Source Files\Dialog">
      <UniqueIdentifier>{59276cd2-98f4-48da-8d72-90aef7e685da}</UniqueIdentifier>
    </Filter>
    <Filter Include="Header Files\MusicBrainz">
      <UniqueIdentifier>{1d5b7afa-f014-411a-b69a-d68ce07d5699}</UniqueIdentifier>
    </Filter>
    <Filter Include="Source Files\MusicBrainz">
      <UniqueIdentifier>{b9457cd4-feb7-4057-8e7c-10ff1be522ed}</UniqueIdentifier>
    </Filter>
    <Filter Include="Generated Files\Debug_Win32">
      <UniqueIdentifier>{d5207fe0-396a-44c3-ac67-c3df3b0f3f98}</UniqueIdentifier>
      <Extensions>cpp;moc</Extensions>
      <SourceControlFiles>False</SourceControlFiles>
    </Filter>
    <Filter Include="Generated Files\Debug_x64">
      <UniqueIdentifier>{a26d1492-f6b6-4a76-948e-dd4298e9a8cc}</UniqueIdentifier>
      <Extensions>cpp;moc</Extensions>
      <SourceControlFiles>False</SourceControlFiles>
    </Filter>
    <Filter Include="Generated Files\Release_Win32">
      <UniqueIdentifier>{f86a9e62-ced1-4e74-b196-ac8a434e079a}</UniqueIdentifier>
      <Extensions>cpp;moc</Extensions>
      <SourceControlFiles>False</SourceControlFiles>
    </Filter>
    <Filter Include="Generated Files\Release_x64">
      <UniqueIdentifier>{8294a891-f38b-45fb-bbda-d3fa96e26448}</UniqueIdentifier>
      <Extensions>cpp;moc</Extensions>
      <SourceControlFiles>False</SourceControlFiles>
    </Filter>
  </ItemGroup>
  <ItemGroup>
    <ClCompile Include="Sources\CSong.cpp">
      <Filter>Source Files</Filter>
    </ClCompile>
    <ClCompile Include="Sources\main.cpp">
      <Filter>Source Files</Filter>
    </ClCompile>
    <ClCompile Include="Sources\Last.fm\CUpdateNowPlaying.cpp">
      <Filter>Source Files\Last.fm</Filter>
    </ClCompile>
    <ClCompile Include="Sources\Last.fm\ILastFmService.cpp">
      <Filter>Source Files\Last.fm</Filter>
    </ClCompile>
    <ClCompile Include="Sources\Last.fm\CAuthentication.cpp">
      <Filter>Source Files\Last.fm</Filter>
    </ClCompile>
    <ClCompile Include="Sources\Last.fm\CScrobble.cpp">
      <Filter>Source Files\Last.fm</Filter>
    </ClCompile>
    <ClCompile Include="Sources\CRating.cpp">
      <Filter>Source Files</Filter>
    </ClCompile>
    <ClCompile Include="Sources\CRatingDelegate.cpp">
      <Filter>Source Files</Filter>
    </ClCompile>
    <ClCompile Include="Sources\CRatingEditor.cpp">
      <Filter>Source Files</Filter>
    </ClCompile>
    <ClCompile Include="Sources\CSpecialSpinBox.cpp">
      <Filter>Source Files</Filter>
    </ClCompile>
    <ClCompile Include="Sources\Importer\CImporterITunes.cpp">
      <Filter>Source Files\Importer</Filter>
    </ClCompile>
    <ClCompile Include="Sources\Dialog\CDialogEqualizer.cpp">
      <Filter>Source Files\Dialog</Filter>
    </ClCompile>
    <ClCompile Include="Sources\Dialog\CDialogEditDynamicList.cpp">
      <Filter>Source Files\Dialog</Filter>
    </ClCompile>
    <ClCompile Include="Sources\Dialog\CDialogPreferences.cpp">
      <Filter>Source Files\Dialog</Filter>
    </ClCompile>
    <ClCompile Include="Sources\Dialog\CDialogEditFolder.cpp">
      <Filter>Source Files\Dialog</Filter>
    </ClCompile>
    <ClCompile Include="Sources\Dialog\CDialogEditMetadata.cpp">
      <Filter>Source Files\Dialog</Filter>
    </ClCompile>
    <ClCompile Include="Sources\Dialog\CDialogEditSong.cpp">
      <Filter>Source Files\Dialog</Filter>
    </ClCompile>
    <ClCompile Include="Sources\Dialog\CDialogEditSongs.cpp">
      <Filter>Source Files\Dialog</Filter>
    </ClCompile>
    <ClCompile Include="Sources\Dialog\CDialogEditStaticPlayList.cpp">
      <Filter>Source Files\Dialog</Filter>
    </ClCompile>
    <ClCompile Include="Sources\CDynamicList.cpp">
      <Filter>Source Files</Filter>
    </ClCompile>
    <ClCompile Include="Sources\CFolder.cpp">
      <Filter>Source Files</Filter>
    </ClCompile>
    <ClCompile Include="Sources\CLibrary.cpp">
      <Filter>Source Files</Filter>
    </ClCompile>
    <ClCompile Include="Sources\IPlayList.cpp">
      <Filter>Source Files</Filter>
    </ClCompile>
    <ClCompile Include="Sources\Dialog\CDialogRemoveFolder.cpp">
      <Filter>Source Files\Dialog</Filter>
    </ClCompile>
    <ClCompile Include="Sources\CLyricWiki.cpp">
      <Filter>Source Files</Filter>
    </ClCompile>
    <ClCompile Include="Sources\Dialog\CDialogNotifications.cpp">
      <Filter>Source Files\Dialog</Filter>
    </ClCompile>
    <ClCompile Include="Sources\Dialog\CDialogLastPlays.cpp">
      <Filter>Source Files\Dialog</Filter>
    </ClCompile>
    <ClCompile Include="Sources\CWidgetLyrics.cpp">
      <Filter>Source Files</Filter>
    </ClCompile>
    <ClCompile Include="Sources\CCDRomDrive.cpp">
      <Filter>Source Files</Filter>
    </ClCompile>
    <ClCompile Include="Sources\CDRomDrive.cpp">
      <Filter>Source Files</Filter>
    </ClCompile>
    <ClCompile Include="Sources\Dialog\CDialogAbout.cpp">
      <Filter>Source Files\Dialog</Filter>
    </ClCompile>
    <ClCompile Include="Sources\Dialog\CDialogCDRomDriveInfos.cpp">
      <Filter>Source Files\Dialog</Filter>
    </ClCompile>
    <ClCompile Include="Sources\MusicBrainz\base64.cpp">
      <Filter>Source Files\MusicBrainz</Filter>
    </ClCompile>
    <ClCompile Include="Sources\MusicBrainz\sha1.cpp">
      <Filter>Source Files\MusicBrainz</Filter>
    </ClCompile>
    <ClCompile Include="Sources\MusicBrainz\CMusicBrainzLookup.cpp">
      <Filter>Source Files\MusicBrainz</Filter>
    </ClCompile>
    <ClCompile Include="Sources\CLibraryFolder.cpp">
      <Filter>Source Files</Filter>
    </ClCompile>
    <ClCompile Include="Sources\Dialog\CDialogPreferencesFolder.cpp">
      <Filter>Source Files\Dialog</Filter>
    </ClCompile>
    <ClCompile Include="Sources\Utils.cpp">
      <Filter>Source Files</Filter>
    </ClCompile>
    <ClCompile Include="Sources\CEqualizerPreset.cpp">
      <Filter>Source Files</Filter>
    </ClCompile>
    <ClCompile Include="GeneratedFiles\Win32\Debug\moc_CCDRomDrive.cpp">
      <Filter>Generated Files\Debug_Win32</Filter>
    </ClCompile>
    <ClCompile Include="GeneratedFiles\x64\Debug\moc_CCDRomDrive.cpp">
      <Filter>Generated Files\Debug_x64</Filter>
    </ClCompile>
    <ClCompile Include="GeneratedFiles\Win32\Release\moc_CCDRomDrive.cpp">
      <Filter>Generated Files\Release_Win32</Filter>
    </ClCompile>
    <ClCompile Include="GeneratedFiles\x64\Release\moc_CCDRomDrive.cpp">
      <Filter>Generated Files\Release_x64</Filter>
    </ClCompile>
    <ClCompile Include="GeneratedFiles\Win32\Debug\moc_CDynamicList.cpp">
      <Filter>Generated Files\Debug_Win32</Filter>
    </ClCompile>
    <ClCompile Include="GeneratedFiles\x64\Debug\moc_CDynamicList.cpp">
      <Filter>Generated Files\Debug_x64</Filter>
    </ClCompile>
    <ClCompile Include="GeneratedFiles\Win32\Release\moc_CDynamicList.cpp">
      <Filter>Generated Files\Release_Win32</Filter>
    </ClCompile>
    <ClCompile Include="GeneratedFiles\x64\Release\moc_CDynamicList.cpp">
      <Filter>Generated Files\Release_x64</Filter>
    </ClCompile>
    <ClCompile Include="GeneratedFiles\Win32\Debug\moc_CEqualizerPreset.cpp">
      <Filter>Generated Files\Debug_Win32</Filter>
    </ClCompile>
    <ClCompile Include="GeneratedFiles\x64\Debug\moc_CEqualizerPreset.cpp">
      <Filter>Generated Files\Debug_x64</Filter>
    </ClCompile>
    <ClCompile Include="GeneratedFiles\Win32\Release\moc_CEqualizerPreset.cpp">
      <Filter>Generated Files\Release_Win32</Filter>
    </ClCompile>
    <ClCompile Include="GeneratedFiles\x64\Release\moc_CEqualizerPreset.cpp">
      <Filter>Generated Files\Release_x64</Filter>
    </ClCompile>
    <ClCompile Include="GeneratedFiles\Win32\Debug\moc_CFolder.cpp">
      <Filter>Generated Files\Debug_Win32</Filter>
    </ClCompile>
    <ClCompile Include="GeneratedFiles\x64\Debug\moc_CFolder.cpp">
      <Filter>Generated Files\Debug_x64</Filter>
    </ClCompile>
    <ClCompile Include="GeneratedFiles\Win32\Release\moc_CFolder.cpp">
      <Filter>Generated Files\Release_Win32</Filter>
    </ClCompile>
    <ClCompile Include="GeneratedFiles\x64\Release\moc_CFolder.cpp">
      <Filter>Generated Files\Release_x64</Filter>
    </ClCompile>
    <ClCompile Include="GeneratedFiles\Win32\Debug\moc_CLibrary.cpp">
      <Filter>Generated Files\Debug_Win32</Filter>
    </ClCompile>
    <ClCompile Include="GeneratedFiles\x64\Debug\moc_CLibrary.cpp">
      <Filter>Generated Files\Debug_x64</Filter>
    </ClCompile>
    <ClCompile Include="GeneratedFiles\Win32\Release\moc_CLibrary.cpp">
      <Filter>Generated Files\Release_Win32</Filter>
    </ClCompile>
    <ClCompile Include="GeneratedFiles\x64\Release\moc_CLibrary.cpp">
      <Filter>Generated Files\Release_x64</Filter>
    </ClCompile>
    <ClCompile Include="GeneratedFiles\Win32\Debug\moc_CLibraryFolder.cpp">
      <Filter>Generated Files\Debug_Win32</Filter>
    </ClCompile>
    <ClCompile Include="GeneratedFiles\x64\Debug\moc_CLibraryFolder.cpp">
      <Filter>Generated Files\Debug_x64</Filter>
    </ClCompile>
    <ClCompile Include="GeneratedFiles\Win32\Release\moc_CLibraryFolder.cpp">
      <Filter>Generated Files\Release_Win32</Filter>
    </ClCompile>
    <ClCompile Include="GeneratedFiles\x64\Release\moc_CLibraryFolder.cpp">
      <Filter>Generated Files\Release_x64</Filter>
    </ClCompile>
    <ClCompile Include="GeneratedFiles\Win32\Debug\moc_CLyricWiki.cpp">
      <Filter>Generated Files\Debug_Win32</Filter>
    </ClCompile>
    <ClCompile Include="GeneratedFiles\x64\Debug\moc_CLyricWiki.cpp">
      <Filter>Generated Files\Debug_x64</Filter>
    </ClCompile>
    <ClCompile Include="GeneratedFiles\Win32\Release\moc_CLyricWiki.cpp">
      <Filter>Generated Files\Release_Win32</Filter>
    </ClCompile>
    <ClCompile Include="GeneratedFiles\x64\Release\moc_CLyricWiki.cpp">
      <Filter>Generated Files\Release_x64</Filter>
    </ClCompile>
    <ClCompile Include="GeneratedFiles\Win32\Debug\moc_CRatingDelegate.cpp">
      <Filter>Generated Files\Debug_Win32</Filter>
    </ClCompile>
    <ClCompile Include="GeneratedFiles\x64\Debug\moc_CRatingDelegate.cpp">
      <Filter>Generated Files\Debug_x64</Filter>
    </ClCompile>
    <ClCompile Include="GeneratedFiles\Win32\Release\moc_CRatingDelegate.cpp">
      <Filter>Generated Files\Release_Win32</Filter>
    </ClCompile>
    <ClCompile Include="GeneratedFiles\x64\Release\moc_CRatingDelegate.cpp">
      <Filter>Generated Files\Release_x64</Filter>
    </ClCompile>
    <ClCompile Include="GeneratedFiles\Win32\Debug\moc_CRatingEditor.cpp">
      <Filter>Generated Files\Debug_Win32</Filter>
    </ClCompile>
    <ClCompile Include="GeneratedFiles\x64\Debug\moc_CRatingEditor.cpp">
      <Filter>Generated Files\Debug_x64</Filter>
    </ClCompile>
    <ClCompile Include="GeneratedFiles\Win32\Release\moc_CRatingEditor.cpp">
      <Filter>Generated Files\Release_Win32</Filter>
    </ClCompile>
    <ClCompile Include="GeneratedFiles\x64\Release\moc_CRatingEditor.cpp">
      <Filter>Generated Files\Release_x64</Filter>
    </ClCompile>
    <ClCompile Include="GeneratedFiles\Win32\Debug\moc_CSong.cpp">
      <Filter>Generated Files\Debug_Win32</Filter>
    </ClCompile>
    <ClCompile Include="GeneratedFiles\x64\Debug\moc_CSong.cpp">
      <Filter>Generated Files\Debug_x64</Filter>
    </ClCompile>
    <ClCompile Include="GeneratedFiles\Win32\Release\moc_CSong.cpp">
      <Filter>Generated Files\Release_Win32</Filter>
    </ClCompile>
    <ClCompile Include="GeneratedFiles\x64\Release\moc_CSong.cpp">
      <Filter>Generated Files\Release_x64</Filter>
    </ClCompile>
    <ClCompile Include="GeneratedFiles\Win32\Debug\moc_IPlayList.cpp">
      <Filter>Generated Files\Debug_Win32</Filter>
    </ClCompile>
    <ClCompile Include="GeneratedFiles\x64\Debug\moc_IPlayList.cpp">
      <Filter>Generated Files\Debug_x64</Filter>
    </ClCompile>
    <ClCompile Include="GeneratedFiles\Win32\Release\moc_IPlayList.cpp">
      <Filter>Generated Files\Release_Win32</Filter>
    </ClCompile>
    <ClCompile Include="GeneratedFiles\x64\Release\moc_IPlayList.cpp">
      <Filter>Generated Files\Release_x64</Filter>
    </ClCompile>
    <ClCompile Include="GeneratedFiles\Win32\Debug\moc_CWidgetLyrics.cpp">
      <Filter>Generated Files\Debug_Win32</Filter>
    </ClCompile>
    <ClCompile Include="GeneratedFiles\x64\Debug\moc_CWidgetLyrics.cpp">
      <Filter>Generated Files\Debug_x64</Filter>
    </ClCompile>
    <ClCompile Include="GeneratedFiles\Win32\Release\moc_CWidgetLyrics.cpp">
      <Filter>Generated Files\Release_Win32</Filter>
    </ClCompile>
    <ClCompile Include="GeneratedFiles\x64\Release\moc_CWidgetLyrics.cpp">
      <Filter>Generated Files\Release_x64</Filter>
    </ClCompile>
    <ClCompile Include="GeneratedFiles\Win32\Debug\moc_CSpecialSpinBox.cpp">
      <Filter>Generated Files\Debug_Win32</Filter>
    </ClCompile>
    <ClCompile Include="GeneratedFiles\x64\Debug\moc_CSpecialSpinBox.cpp">
      <Filter>Generated Files\Debug_x64</Filter>
    </ClCompile>
    <ClCompile Include="GeneratedFiles\Win32\Release\moc_CSpecialSpinBox.cpp">
      <Filter>Generated Files\Release_Win32</Filter>
    </ClCompile>
    <ClCompile Include="GeneratedFiles\x64\Release\moc_CSpecialSpinBox.cpp">
      <Filter>Generated Files\Release_x64</Filter>
    </ClCompile>
    <ClCompile Include="GeneratedFiles\Win32\Debug\moc_CMusicBrainzLookup.cpp">
      <Filter>Generated Files\Debug_Win32</Filter>
    </ClCompile>
    <ClCompile Include="GeneratedFiles\x64\Debug\moc_CMusicBrainzLookup.cpp">
      <Filter>Generated Files\Debug_x64</Filter>
    </ClCompile>
    <ClCompile Include="GeneratedFiles\Win32\Release\moc_CMusicBrainzLookup.cpp">
      <Filter>Generated Files\Release_Win32</Filter>
    </ClCompile>
    <ClCompile Include="GeneratedFiles\x64\Release\moc_CMusicBrainzLookup.cpp">
      <Filter>Generated Files\Release_x64</Filter>
    </ClCompile>
    <ClCompile Include="GeneratedFiles\Win32\Debug\moc_ILastFmService.cpp">
      <Filter>Generated Files\Debug_Win32</Filter>
    </ClCompile>
    <ClCompile Include="GeneratedFiles\x64\Debug\moc_ILastFmService.cpp">
      <Filter>Generated Files\Debug_x64</Filter>
    </ClCompile>
    <ClCompile Include="GeneratedFiles\Win32\Release\moc_ILastFmService.cpp">
      <Filter>Generated Files\Release_Win32</Filter>
    </ClCompile>
    <ClCompile Include="GeneratedFiles\x64\Release\moc_ILastFmService.cpp">
      <Filter>Generated Files\Release_x64</Filter>
    </ClCompile>
    <ClCompile Include="GeneratedFiles\Win32\Debug\moc_CImporterITunes.cpp">
      <Filter>Generated Files\Debug_Win32</Filter>
    </ClCompile>
    <ClCompile Include="GeneratedFiles\x64\Debug\moc_CImporterITunes.cpp">
      <Filter>Generated Files\Debug_x64</Filter>
    </ClCompile>
    <ClCompile Include="GeneratedFiles\Win32\Release\moc_CImporterITunes.cpp">
      <Filter>Generated Files\Release_Win32</Filter>
    </ClCompile>
    <ClCompile Include="GeneratedFiles\x64\Release\moc_CImporterITunes.cpp">
      <Filter>Generated Files\Release_x64</Filter>
    </ClCompile>
    <ClCompile Include="GeneratedFiles\Win32\Debug\moc_CAuthentication.cpp">
      <Filter>Generated Files\Debug_Win32</Filter>
    </ClCompile>
    <ClCompile Include="GeneratedFiles\x64\Debug\moc_CAuthentication.cpp">
      <Filter>Generated Files\Debug_x64</Filter>
    </ClCompile>
    <ClCompile Include="GeneratedFiles\Win32\Release\moc_CAuthentication.cpp">
      <Filter>Generated Files\Release_Win32</Filter>
    </ClCompile>
    <ClCompile Include="GeneratedFiles\x64\Release\moc_CAuthentication.cpp">
      <Filter>Generated Files\Release_x64</Filter>
    </ClCompile>
    <ClCompile Include="GeneratedFiles\Win32\Debug\moc_CScrobble.cpp">
      <Filter>Generated Files\Debug_Win32</Filter>
    </ClCompile>
    <ClCompile Include="GeneratedFiles\x64\Debug\moc_CScrobble.cpp">
      <Filter>Generated Files\Debug_x64</Filter>
    </ClCompile>
    <ClCompile Include="GeneratedFiles\Win32\Release\moc_CScrobble.cpp">
      <Filter>Generated Files\Release_Win32</Filter>
    </ClCompile>
    <ClCompile Include="GeneratedFiles\x64\Release\moc_CScrobble.cpp">
      <Filter>Generated Files\Release_x64</Filter>
    </ClCompile>
    <ClCompile Include="GeneratedFiles\Win32\Debug\moc_CUpdateNowPlaying.cpp">
      <Filter>Generated Files\Debug_Win32</Filter>
    </ClCompile>
    <ClCompile Include="GeneratedFiles\x64\Debug\moc_CUpdateNowPlaying.cpp">
      <Filter>Generated Files\Debug_x64</Filter>
    </ClCompile>
    <ClCompile Include="GeneratedFiles\Win32\Release\moc_CUpdateNowPlaying.cpp">
      <Filter>Generated Files\Release_Win32</Filter>
    </ClCompile>
    <ClCompile Include="GeneratedFiles\x64\Release\moc_CUpdateNowPlaying.cpp">
      <Filter>Generated Files\Release_x64</Filter>
    </ClCompile>
    <ClCompile Include="GeneratedFiles\Win32\Debug\moc_CDialogEditStaticPlayList.cpp">
      <Filter>Generated Files\Debug_Win32</Filter>
    </ClCompile>
    <ClCompile Include="GeneratedFiles\x64\Debug\moc_CDialogEditStaticPlayList.cpp">
      <Filter>Generated Files\Debug_x64</Filter>
    </ClCompile>
    <ClCompile Include="GeneratedFiles\Win32\Release\moc_CDialogEditStaticPlayList.cpp">
      <Filter>Generated Files\Release_Win32</Filter>
    </ClCompile>
    <ClCompile Include="GeneratedFiles\x64\Release\moc_CDialogEditStaticPlayList.cpp">
      <Filter>Generated Files\Release_x64</Filter>
    </ClCompile>
    <ClCompile Include="GeneratedFiles\Win32\Debug\moc_CDialogAbout.cpp">
      <Filter>Generated Files\Debug_Win32</Filter>
    </ClCompile>
    <ClCompile Include="GeneratedFiles\x64\Debug\moc_CDialogAbout.cpp">
      <Filter>Generated Files\Debug_x64</Filter>
    </ClCompile>
    <ClCompile Include="GeneratedFiles\Win32\Release\moc_CDialogAbout.cpp">
      <Filter>Generated Files\Release_Win32</Filter>
    </ClCompile>
    <ClCompile Include="GeneratedFiles\x64\Release\moc_CDialogAbout.cpp">
      <Filter>Generated Files\Release_x64</Filter>
    </ClCompile>
    <ClCompile Include="GeneratedFiles\Win32\Debug\moc_CDialogCDRomDriveInfos.cpp">
      <Filter>Generated Files\Debug_Win32</Filter>
    </ClCompile>
    <ClCompile Include="GeneratedFiles\x64\Debug\moc_CDialogCDRomDriveInfos.cpp">
      <Filter>Generated Files\Debug_x64</Filter>
    </ClCompile>
    <ClCompile Include="GeneratedFiles\Win32\Release\moc_CDialogCDRomDriveInfos.cpp">
      <Filter>Generated Files\Release_Win32</Filter>
    </ClCompile>
    <ClCompile Include="GeneratedFiles\x64\Release\moc_CDialogCDRomDriveInfos.cpp">
      <Filter>Generated Files\Release_x64</Filter>
    </ClCompile>
    <ClCompile Include="GeneratedFiles\Win32\Debug\moc_CDialogEditDynamicList.cpp">
      <Filter>Generated Files\Debug_Win32</Filter>
    </ClCompile>
    <ClCompile Include="GeneratedFiles\x64\Debug\moc_CDialogEditDynamicList.cpp">
      <Filter>Generated Files\Debug_x64</Filter>
    </ClCompile>
    <ClCompile Include="GeneratedFiles\Win32\Release\moc_CDialogEditDynamicList.cpp">
      <Filter>Generated Files\Release_Win32</Filter>
    </ClCompile>
    <ClCompile Include="GeneratedFiles\x64\Release\moc_CDialogEditDynamicList.cpp">
      <Filter>Generated Files\Release_x64</Filter>
    </ClCompile>
    <ClCompile Include="GeneratedFiles\Win32\Debug\moc_CDialogEditFolder.cpp">
      <Filter>Generated Files\Debug_Win32</Filter>
    </ClCompile>
    <ClCompile Include="GeneratedFiles\x64\Debug\moc_CDialogEditFolder.cpp">
      <Filter>Generated Files\Debug_x64</Filter>
    </ClCompile>
    <ClCompile Include="GeneratedFiles\Win32\Release\moc_CDialogEditFolder.cpp">
      <Filter>Generated Files\Release_Win32</Filter>
    </ClCompile>
    <ClCompile Include="GeneratedFiles\x64\Release\moc_CDialogEditFolder.cpp">
      <Filter>Generated Files\Release_x64</Filter>
    </ClCompile>
    <ClCompile Include="GeneratedFiles\Win32\Debug\moc_CDialogEditMetadata.cpp">
      <Filter>Generated Files\Debug_Win32</Filter>
    </ClCompile>
    <ClCompile Include="GeneratedFiles\x64\Debug\moc_CDialogEditMetadata.cpp">
      <Filter>Generated Files\Debug_x64</Filter>
    </ClCompile>
    <ClCompile Include="GeneratedFiles\Win32\Release\moc_CDialogEditMetadata.cpp">
      <Filter>Generated Files\Release_Win32</Filter>
    </ClCompile>
    <ClCompile Include="GeneratedFiles\x64\Release\moc_CDialogEditMetadata.cpp">
      <Filter>Generated Files\Release_x64</Filter>
    </ClCompile>
    <ClCompile Include="GeneratedFiles\Win32\Debug\moc_CDialogEditSong.cpp">
      <Filter>Generated Files\Debug_Win32</Filter>
    </ClCompile>
    <ClCompile Include="GeneratedFiles\x64\Debug\moc_CDialogEditSong.cpp">
      <Filter>Generated Files\Debug_x64</Filter>
    </ClCompile>
    <ClCompile Include="GeneratedFiles\Win32\Release\moc_CDialogEditSong.cpp">
      <Filter>Generated Files\Release_Win32</Filter>
    </ClCompile>
    <ClCompile Include="GeneratedFiles\x64\Release\moc_CDialogEditSong.cpp">
      <Filter>Generated Files\Release_x64</Filter>
    </ClCompile>
    <ClCompile Include="GeneratedFiles\Win32\Debug\moc_CDialogEditSongs.cpp">
      <Filter>Generated Files\Debug_Win32</Filter>
    </ClCompile>
    <ClCompile Include="GeneratedFiles\x64\Debug\moc_CDialogEditSongs.cpp">
      <Filter>Generated Files\Debug_x64</Filter>
    </ClCompile>
    <ClCompile Include="GeneratedFiles\Win32\Release\moc_CDialogEditSongs.cpp">
      <Filter>Generated Files\Release_Win32</Filter>
    </ClCompile>
    <ClCompile Include="GeneratedFiles\x64\Release\moc_CDialogEditSongs.cpp">
      <Filter>Generated Files\Release_x64</Filter>
    </ClCompile>
    <ClCompile Include="GeneratedFiles\Win32\Debug\moc_CDialogEqualizer.cpp">
      <Filter>Generated Files\Debug_Win32</Filter>
    </ClCompile>
    <ClCompile Include="GeneratedFiles\x64\Debug\moc_CDialogEqualizer.cpp">
      <Filter>Generated Files\Debug_x64</Filter>
    </ClCompile>
    <ClCompile Include="GeneratedFiles\Win32\Release\moc_CDialogEqualizer.cpp">
      <Filter>Generated Files\Release_Win32</Filter>
    </ClCompile>
    <ClCompile Include="GeneratedFiles\x64\Release\moc_CDialogEqualizer.cpp">
      <Filter>Generated Files\Release_x64</Filter>
    </ClCompile>
    <ClCompile Include="GeneratedFiles\Win32\Debug\moc_CDialogLastPlays.cpp">
      <Filter>Generated Files\Debug_Win32</Filter>
    </ClCompile>
    <ClCompile Include="GeneratedFiles\x64\Debug\moc_CDialogLastPlays.cpp">
      <Filter>Generated Files\Debug_x64</Filter>
    </ClCompile>
    <ClCompile Include="GeneratedFiles\Win32\Release\moc_CDialogLastPlays.cpp">
      <Filter>Generated Files\Release_Win32</Filter>
    </ClCompile>
    <ClCompile Include="GeneratedFiles\x64\Release\moc_CDialogLastPlays.cpp">
      <Filter>Generated Files\Release_x64</Filter>
    </ClCompile>
    <ClCompile Include="GeneratedFiles\Win32\Debug\moc_CDialogNotifications.cpp">
      <Filter>Generated Files\Debug_Win32</Filter>
    </ClCompile>
    <ClCompile Include="GeneratedFiles\x64\Debug\moc_CDialogNotifications.cpp">
      <Filter>Generated Files\Debug_x64</Filter>
    </ClCompile>
    <ClCompile Include="GeneratedFiles\Win32\Release\moc_CDialogNotifications.cpp">
      <Filter>Generated Files\Release_Win32</Filter>
    </ClCompile>
    <ClCompile Include="GeneratedFiles\x64\Release\moc_CDialogNotifications.cpp">
      <Filter>Generated Files\Release_x64</Filter>
    </ClCompile>
    <ClCompile Include="GeneratedFiles\Win32\Debug\moc_CDialogPreferences.cpp">
      <Filter>Generated Files\Debug_Win32</Filter>
    </ClCompile>
    <ClCompile Include="GeneratedFiles\x64\Debug\moc_CDialogPreferences.cpp">
      <Filter>Generated Files\Debug_x64</Filter>
    </ClCompile>
    <ClCompile Include="GeneratedFiles\Win32\Release\moc_CDialogPreferences.cpp">
      <Filter>Generated Files\Release_Win32</Filter>
    </ClCompile>
    <ClCompile Include="GeneratedFiles\x64\Release\moc_CDialogPreferences.cpp">
      <Filter>Generated Files\Release_x64</Filter>
    </ClCompile>
    <ClCompile Include="GeneratedFiles\Win32\Debug\moc_CDialogPreferencesFolder.cpp">
      <Filter>Generated Files\Debug_Win32</Filter>
    </ClCompile>
    <ClCompile Include="GeneratedFiles\x64\Debug\moc_CDialogPreferencesFolder.cpp">
      <Filter>Generated Files\Debug_x64</Filter>
    </ClCompile>
    <ClCompile Include="GeneratedFiles\Win32\Release\moc_CDialogPreferencesFolder.cpp">
      <Filter>Generated Files\Release_Win32</Filter>
    </ClCompile>
    <ClCompile Include="GeneratedFiles\x64\Release\moc_CDialogPreferencesFolder.cpp">
      <Filter>Generated Files\Release_x64</Filter>
    </ClCompile>
    <ClCompile Include="GeneratedFiles\Win32\Debug\moc_CDialogRemoveFolder.cpp">
      <Filter>Generated Files\Debug_Win32</Filter>
    </ClCompile>
    <ClCompile Include="GeneratedFiles\x64\Debug\moc_CDialogRemoveFolder.cpp">
      <Filter>Generated Files\Debug_x64</Filter>
    </ClCompile>
    <ClCompile Include="GeneratedFiles\Win32\Release\moc_CDialogRemoveFolder.cpp">
      <Filter>Generated Files\Release_Win32</Filter>
    </ClCompile>
    <ClCompile Include="GeneratedFiles\x64\Release\moc_CDialogRemoveFolder.cpp">
      <Filter>Generated Files\Release_x64</Filter>
    </ClCompile>
    <ClCompile Include="Sources\CQueuePlayList.cpp">
      <Filter>Source Files</Filter>
    </ClCompile>
    <ClCompile Include="GeneratedFiles\Win32\Debug\moc_CQueuePlayList.cpp">
      <Filter>Generated Files\Debug_Win32</Filter>
    </ClCompile>
    <ClCompile Include="GeneratedFiles\x64\Debug\moc_CQueuePlayList.cpp">
      <Filter>Generated Files\Debug_x64</Filter>
    </ClCompile>
    <ClCompile Include="GeneratedFiles\Win32\Release\moc_CQueuePlayList.cpp">
      <Filter>Generated Files\Release_Win32</Filter>
    </ClCompile>
    <ClCompile Include="GeneratedFiles\x64\Release\moc_CQueuePlayList.cpp">
      <Filter>Generated Files\Release_x64</Filter>
    </ClCompile>
    <ClCompile Include="Sources\IWidgetCriterion.cpp">
      <Filter>Source Files</Filter>
    </ClCompile>
    <ClCompile Include="Sources\ICriterion.cpp">
      <Filter>Source Files</Filter>
    </ClCompile>
    <ClCompile Include="Sources\CWidgetMultiCriteria.cpp">
      <Filter>Source Files</Filter>
    </ClCompile>
    <ClCompile Include="Sources\CWidgetCriterion.cpp">
      <Filter>Source Files</Filter>
    </ClCompile>
    <ClCompile Include="Sources\CCriterion.cpp">
      <Filter>Source Files</Filter>
    </ClCompile>
    <ClCompile Include="Sources\CMultiCriteria.cpp">
      <Filter>Source Files</Filter>
    </ClCompile>
    <ClCompile Include="GeneratedFiles\Win32\Debug\moc_CCriterion.cpp">
      <Filter>Generated Files\Debug_Win32</Filter>
    </ClCompile>
    <ClCompile Include="GeneratedFiles\x64\Debug\moc_CCriterion.cpp">
      <Filter>Generated Files\Debug_x64</Filter>
    </ClCompile>
    <ClCompile Include="GeneratedFiles\Win32\Release\moc_CCriterion.cpp">
      <Filter>Generated Files\Release_Win32</Filter>
    </ClCompile>
    <ClCompile Include="GeneratedFiles\x64\Release\moc_CCriterion.cpp">
      <Filter>Generated Files\Release_x64</Filter>
    </ClCompile>
    <ClCompile Include="GeneratedFiles\Win32\Debug\moc_IWidgetCriterion.cpp">
      <Filter>Generated Files\Debug_Win32</Filter>
    </ClCompile>
    <ClCompile Include="GeneratedFiles\x64\Debug\moc_IWidgetCriterion.cpp">
      <Filter>Generated Files\Debug_x64</Filter>
    </ClCompile>
    <ClCompile Include="GeneratedFiles\Win32\Release\moc_IWidgetCriterion.cpp">
      <Filter>Generated Files\Release_Win32</Filter>
    </ClCompile>
    <ClCompile Include="GeneratedFiles\x64\Release\moc_IWidgetCriterion.cpp">
      <Filter>Generated Files\Release_x64</Filter>
    </ClCompile>
    <ClCompile Include="GeneratedFiles\Win32\Debug\moc_CWidgetMultiCriteria.cpp">
      <Filter>Generated Files\Debug_Win32</Filter>
    </ClCompile>
    <ClCompile Include="GeneratedFiles\x64\Debug\moc_CWidgetMultiCriteria.cpp">
      <Filter>Generated Files\Debug_x64</Filter>
    </ClCompile>
    <ClCompile Include="GeneratedFiles\Win32\Release\moc_CWidgetMultiCriteria.cpp">
      <Filter>Generated Files\Release_Win32</Filter>
    </ClCompile>
    <ClCompile Include="GeneratedFiles\x64\Release\moc_CWidgetMultiCriteria.cpp">
      <Filter>Generated Files\Release_x64</Filter>
    </ClCompile>
    <ClCompile Include="GeneratedFiles\Win32\Debug\moc_CMultiCriteria.cpp">
      <Filter>Generated Files\Debug_Win32</Filter>
    </ClCompile>
    <ClCompile Include="GeneratedFiles\x64\Debug\moc_CMultiCriteria.cpp">
      <Filter>Generated Files\Debug_x64</Filter>
    </ClCompile>
    <ClCompile Include="GeneratedFiles\Win32\Release\moc_CMultiCriteria.cpp">
      <Filter>Generated Files\Release_Win32</Filter>
    </ClCompile>
    <ClCompile Include="GeneratedFiles\x64\Release\moc_CMultiCriteria.cpp">
      <Filter>Generated Files\Release_x64</Filter>
    </ClCompile>
    <ClCompile Include="GeneratedFiles\Win32\Debug\moc_ICriterion.cpp">
      <Filter>Generated Files\Debug_Win32</Filter>
    </ClCompile>
    <ClCompile Include="GeneratedFiles\x64\Debug\moc_ICriterion.cpp">
      <Filter>Generated Files\Debug_x64</Filter>
    </ClCompile>
    <ClCompile Include="GeneratedFiles\Win32\Release\moc_ICriterion.cpp">
      <Filter>Generated Files\Release_Win32</Filter>
    </ClCompile>
    <ClCompile Include="GeneratedFiles\x64\Release\moc_ICriterion.cpp">
      <Filter>Generated Files\Release_x64</Filter>
    </ClCompile>
    <ClCompile Include="GeneratedFiles\Win32\Debug\moc_CWidgetCriterion.cpp">
      <Filter>Generated Files\Debug_Win32</Filter>
    </ClCompile>
    <ClCompile Include="GeneratedFiles\x64\Debug\moc_CWidgetCriterion.cpp">
      <Filter>Generated Files\Debug_x64</Filter>
    </ClCompile>
    <ClCompile Include="GeneratedFiles\Win32\Release\moc_CWidgetCriterion.cpp">
      <Filter>Generated Files\Release_Win32</Filter>
    </ClCompile>
    <ClCompile Include="GeneratedFiles\x64\Release\moc_CWidgetCriterion.cpp">
      <Filter>Generated Files\Release_x64</Filter>
    </ClCompile>
    <ClCompile Include="GeneratedFiles\Win32\Debug\moc_CLibraryModel.cpp">
      <Filter>Generated Files\Debug_Win32</Filter>
    </ClCompile>
    <ClCompile Include="GeneratedFiles\x64\Debug\moc_CLibraryModel.cpp">
      <Filter>Generated Files\Debug_x64</Filter>
    </ClCompile>
    <ClCompile Include="GeneratedFiles\Win32\Release\moc_CLibraryModel.cpp">
      <Filter>Generated Files\Release_Win32</Filter>
    </ClCompile>
    <ClCompile Include="GeneratedFiles\x64\Release\moc_CLibraryModel.cpp">
      <Filter>Generated Files\Release_x64</Filter>
    </ClCompile>
    <ClCompile Include="Sources\CLibraryModel.cpp">
      <Filter>Source Files</Filter>
    </ClCompile>
    <ClCompile Include="Sources\CLibraryView.cpp">
      <Filter>Source Files</Filter>
    </ClCompile>
    <ClCompile Include="GeneratedFiles\Win32\Debug\moc_CLibraryView.cpp">
      <Filter>Generated Files\Debug_Win32</Filter>
    </ClCompile>
    <ClCompile Include="GeneratedFiles\x64\Debug\moc_CLibraryView.cpp">
      <Filter>Generated Files\Debug_x64</Filter>
    </ClCompile>
    <ClCompile Include="GeneratedFiles\Win32\Release\moc_CLibraryView.cpp">
      <Filter>Generated Files\Release_Win32</Filter>
    </ClCompile>
    <ClCompile Include="GeneratedFiles\x64\Release\moc_CLibraryView.cpp">
      <Filter>Generated Files\Release_x64</Filter>
    </ClCompile>
    <ClCompile Include="Sources\CMediaTableHeader.cpp">
      <Filter>Source Files</Filter>
    </ClCompile>
    <ClCompile Include="Sources\CMediaTableModel.cpp">
      <Filter>Source Files</Filter>
    </ClCompile>
    <ClCompile Include="Sources\CMediaTableView.cpp">
      <Filter>Source Files</Filter>
    </ClCompile>
    <ClCompile Include="GeneratedFiles\Win32\Debug\moc_CMediaTableModel.cpp">
      <Filter>Generated Files\Debug_Win32</Filter>
    </ClCompile>
    <ClCompile Include="GeneratedFiles\x64\Debug\moc_CMediaTableModel.cpp">
      <Filter>Generated Files\Debug_x64</Filter>
    </ClCompile>
    <ClCompile Include="GeneratedFiles\Win32\Release\moc_CMediaTableModel.cpp">
      <Filter>Generated Files\Release_Win32</Filter>
    </ClCompile>
    <ClCompile Include="GeneratedFiles\x64\Release\moc_CMediaTableModel.cpp">
      <Filter>Generated Files\Release_x64</Filter>
    </ClCompile>
    <ClCompile Include="GeneratedFiles\Win32\Debug\moc_CMediaTableHeader.cpp">
      <Filter>Generated Files\Debug_Win32</Filter>
    </ClCompile>
    <ClCompile Include="GeneratedFiles\x64\Debug\moc_CMediaTableHeader.cpp">
      <Filter>Generated Files\Debug_x64</Filter>
    </ClCompile>
    <ClCompile Include="GeneratedFiles\Win32\Release\moc_CMediaTableHeader.cpp">
      <Filter>Generated Files\Release_Win32</Filter>
    </ClCompile>
    <ClCompile Include="GeneratedFiles\x64\Release\moc_CMediaTableHeader.cpp">
      <Filter>Generated Files\Release_x64</Filter>
    </ClCompile>
    <ClCompile Include="GeneratedFiles\Win32\Debug\moc_CMediaTableView.cpp">
      <Filter>Generated Files\Debug_Win32</Filter>
    </ClCompile>
    <ClCompile Include="GeneratedFiles\x64\Debug\moc_CMediaTableView.cpp">
      <Filter>Generated Files\Debug_x64</Filter>
    </ClCompile>
    <ClCompile Include="GeneratedFiles\Win32\Release\moc_CMediaTableView.cpp">
      <Filter>Generated Files\Release_Win32</Filter>
    </ClCompile>
    <ClCompile Include="GeneratedFiles\x64\Release\moc_CMediaTableView.cpp">
      <Filter>Generated Files\Release_x64</Filter>
    </ClCompile>
    <ClCompile Include="Sources\CStaticList.cpp">
      <Filter>Source Files</Filter>
    </ClCompile>
    <ClCompile Include="GeneratedFiles\Win32\Debug\moc_CStaticList.cpp">
      <Filter>Generated Files\Debug_Win32</Filter>
    </ClCompile>
    <ClCompile Include="GeneratedFiles\x64\Debug\moc_CStaticList.cpp">
      <Filter>Generated Files\Debug_x64</Filter>
    </ClCompile>
    <ClCompile Include="GeneratedFiles\Win32\Release\moc_CStaticList.cpp">
      <Filter>Generated Files\Release_Win32</Filter>
    </ClCompile>
    <ClCompile Include="GeneratedFiles\x64\Release\moc_CStaticList.cpp">
      <Filter>Generated Files\Release_x64</Filter>
    </ClCompile>
    <ClCompile Include="GeneratedFiles\Win32\Debug\moc_CMainWindow.cpp">
      <Filter>Generated Files\Debug_Win32</Filter>
    </ClCompile>
    <ClCompile Include="GeneratedFiles\x64\Debug\moc_CMainWindow.cpp">
      <Filter>Generated Files\Debug_x64</Filter>
    </ClCompile>
    <ClCompile Include="GeneratedFiles\Win32\Release\moc_CMainWindow.cpp">
      <Filter>Generated Files\Release_Win32</Filter>
    </ClCompile>
    <ClCompile Include="GeneratedFiles\x64\Release\moc_CMainWindow.cpp">
      <Filter>Generated Files\Release_x64</Filter>
    </ClCompile>
    <ClCompile Include="Sources\CMainWindow.cpp">
      <Filter>Source Files</Filter>
    </ClCompile>
    <ClCompile Include="Sources\CMediaManager.cpp">
      <Filter>Source Files</Filter>
    </ClCompile>
    <ClCompile Include="Sources\IMediaTable.cpp">
      <Filter>Source Files</Filter>
    </ClCompile>
    <ClCompile Include="GeneratedFiles\Win32\Debug\moc_CMediaManager.cpp">
      <Filter>Generated Files\Debug_Win32</Filter>
    </ClCompile>
    <ClCompile Include="GeneratedFiles\x64\Debug\moc_CMediaManager.cpp">
      <Filter>Generated Files\Debug_x64</Filter>
    </ClCompile>
    <ClCompile Include="GeneratedFiles\Win32\Release\moc_CMediaManager.cpp">
      <Filter>Generated Files\Release_Win32</Filter>
    </ClCompile>
    <ClCompile Include="GeneratedFiles\x64\Release\moc_CMediaManager.cpp">
      <Filter>Generated Files\Release_x64</Filter>
    </ClCompile>
    <ClCompile Include="Sources\CWidgetLineEditMultiple.cpp">
      <Filter>Source Files</Filter>
    </ClCompile>
    <ClCompile Include="GeneratedFiles\Win32\Debug\moc_CWidgetLineEditMultiple.cpp">
      <Filter>Generated Files\Debug_Win32</Filter>
    </ClCompile>
    <ClCompile Include="GeneratedFiles\x64\Debug\moc_CWidgetLineEditMultiple.cpp">
      <Filter>Generated Files\Debug_x64</Filter>
    </ClCompile>
    <ClCompile Include="GeneratedFiles\Win32\Release\moc_CWidgetLineEditMultiple.cpp">
      <Filter>Generated Files\Release_Win32</Filter>
    </ClCompile>
    <ClCompile Include="GeneratedFiles\x64\Release\moc_CWidgetLineEditMultiple.cpp">
      <Filter>Generated Files\Release_x64</Filter>
    </ClCompile>
    <ClCompile Include="GeneratedFiles\Win32\Debug\moc_CGetRecentTracks.cpp">
      <Filter>Generated Files\Debug_Win32</Filter>
    </ClCompile>
    <ClCompile Include="GeneratedFiles\x64\Debug\moc_CGetRecentTracks.cpp">
      <Filter>Generated Files\Debug_x64</Filter>
    </ClCompile>
    <ClCompile Include="GeneratedFiles\Win32\Release\moc_CGetRecentTracks.cpp">
      <Filter>Generated Files\Release_Win32</Filter>
    </ClCompile>
    <ClCompile Include="GeneratedFiles\x64\Release\moc_CGetRecentTracks.cpp">
      <Filter>Generated Files\Release_x64</Filter>
    </ClCompile>
    <ClCompile Include="Sources\Last.fm\CGetRecentTracks.cpp">
      <Filter>Source Files\Last.fm</Filter>
    </ClCompile>
    <ClCompile Include="GeneratedFiles\qrc_TMediaPlayer.cpp">
      <Filter>Source Files</Filter>
    </ClCompile>
    <ClCompile Include="GeneratedFiles\Win32\Debug\moc_CDialogEditXiphComment.cpp">
      <Filter>Generated Files\Debug_Win32</Filter>
    </ClCompile>
    <ClCompile Include="GeneratedFiles\x64\Debug\moc_CDialogEditXiphComment.cpp">
      <Filter>Generated Files\Debug_x64</Filter>
    </ClCompile>
    <ClCompile Include="GeneratedFiles\Win32\Release\moc_CDialogEditXiphComment.cpp">
      <Filter>Generated Files\Release_Win32</Filter>
    </ClCompile>
    <ClCompile Include="GeneratedFiles\x64\Release\moc_CDialogEditXiphComment.cpp">
      <Filter>Generated Files\Release_x64</Filter>
    </ClCompile>
    <ClCompile Include="Sources\Dialog\CDialogEditXiphComment.cpp">
      <Filter>Source Files\Dialog</Filter>
    </ClCompile>
    <ClCompile Include="GeneratedFiles\Win32\Debug\moc_CDialogEffects.cpp">
      <Filter>Generated Files\Debug_Win32</Filter>
    </ClCompile>
    <ClCompile Include="GeneratedFiles\x64\Debug\moc_CDialogEffects.cpp">
      <Filter>Generated Files\Debug_x64</Filter>
    </ClCompile>
    <ClCompile Include="GeneratedFiles\Win32\Release\moc_CDialogEffects.cpp">
      <Filter>Generated Files\Release_Win32</Filter>
    </ClCompile>
    <ClCompile Include="GeneratedFiles\x64\Release\moc_CDialogEffects.cpp">
      <Filter>Generated Files\Release_x64</Filter>
    </ClCompile>
    <ClCompile Include="Sources\Dialog\CDialogEffects.cpp">
      <Filter>Source Files\Dialog</Filter>
    </ClCompile>
    <ClCompile Include="Sources\CSongTitle.cpp">
      <Filter>Source Files</Filter>
    </ClCompile>
  </ItemGroup>
  <ItemGroup>
    <CustomBuild Include="Sources\CSong.hpp">
      <Filter>Header Files</Filter>
    </CustomBuild>
    <CustomBuild Include="TMediaPlayer.qrc">
      <Filter>Resource Files</Filter>
    </CustomBuild>
    <CustomBuild Include="Sources\Last.fm\ILastFmService.hpp">
      <Filter>Header Files\Last.fm</Filter>
    </CustomBuild>
    <CustomBuild Include="Sources\Last.fm\CUpdateNowPlaying.hpp">
      <Filter>Header Files\Last.fm</Filter>
    </CustomBuild>
    <CustomBuild Include="Sources\Last.fm\CAuthentication.hpp">
      <Filter>Header Files\Last.fm</Filter>
    </CustomBuild>
    <CustomBuild Include="Sources\Last.fm\CScrobble.hpp">
      <Filter>Header Files\Last.fm</Filter>
    </CustomBuild>
    <CustomBuild Include="Sources\CRatingDelegate.hpp">
      <Filter>Header Files</Filter>
    </CustomBuild>
    <CustomBuild Include="Sources\CRatingEditor.hpp">
      <Filter>Header Files</Filter>
    </CustomBuild>
    <CustomBuild Include="Sources\CSpecialSpinBox.hpp">
      <Filter>Header Files</Filter>
    </CustomBuild>
    <CustomBuild Include="Sources\Importer\CImporterITunes.hpp">
      <Filter>Header Files\Importer</Filter>
    </CustomBuild>
    <CustomBuild Include="Sources\Dialog\CDialogEqualizer.hpp">
      <Filter>Header Files\Dialog</Filter>
    </CustomBuild>
    <CustomBuild Include="Sources\Dialog\CDialogEditDynamicList.hpp">
      <Filter>Header Files\Dialog</Filter>
    </CustomBuild>
    <CustomBuild Include="Sources\Dialog\CDialogPreferences.hpp">
      <Filter>Header Files\Dialog</Filter>
    </CustomBuild>
    <CustomBuild Include="Sources\Dialog\CDialogEditStaticPlayList.hpp">
      <Filter>Header Files\Dialog</Filter>
    </CustomBuild>
    <CustomBuild Include="Sources\Dialog\CDialogEditSongs.hpp">
      <Filter>Header Files\Dialog</Filter>
    </CustomBuild>
    <CustomBuild Include="Sources\Dialog\CDialogEditSong.hpp">
      <Filter>Header Files\Dialog</Filter>
    </CustomBuild>
    <CustomBuild Include="Sources\Dialog\CDialogEditMetadata.hpp">
      <Filter>Header Files\Dialog</Filter>
    </CustomBuild>
    <CustomBuild Include="Sources\Dialog\CDialogEditFolder.hpp">
      <Filter>Header Files\Dialog</Filter>
    </CustomBuild>
    <CustomBuild Include="Sources\CDynamicList.hpp">
      <Filter>Header Files</Filter>
    </CustomBuild>
    <CustomBuild Include="Sources\CFolder.hpp">
      <Filter>Header Files</Filter>
    </CustomBuild>
    <CustomBuild Include="Sources\CLibrary.hpp">
      <Filter>Header Files</Filter>
    </CustomBuild>
    <CustomBuild Include="Sources\IPlayList.hpp">
      <Filter>Header Files</Filter>
    </CustomBuild>
    <CustomBuild Include="Sources\Dialog\CDialogRemoveFolder.hpp">
      <Filter>Header Files\Dialog</Filter>
    </CustomBuild>
    <CustomBuild Include="Sources\CLyricWiki.hpp">
      <Filter>Header Files</Filter>
    </CustomBuild>
    <CustomBuild Include="Sources\Dialog\CDialogNotifications.hpp">
      <Filter>Header Files\Dialog</Filter>
    </CustomBuild>
    <CustomBuild Include="Sources\Dialog\CDialogLastPlays.hpp">
      <Filter>Header Files\Dialog</Filter>
    </CustomBuild>
    <CustomBuild Include="Sources\CSliderStyle.hpp">
      <Filter>Header Files</Filter>
    </CustomBuild>
    <CustomBuild Include="Sources\CWidgetLyrics.hpp">
      <Filter>Header Files</Filter>
    </CustomBuild>
    <CustomBuild Include="Sources\CCDRomDrive.hpp">
      <Filter>Header Files</Filter>
    </CustomBuild>
    <CustomBuild Include="Sources\Dialog\CDialogAbout.hpp">
      <Filter>Header Files\Dialog</Filter>
    </CustomBuild>
    <CustomBuild Include="Sources\Dialog\CDialogCDRomDriveInfos.hpp">
      <Filter>Header Files\Dialog</Filter>
    </CustomBuild>
    <CustomBuild Include="Sources\MusicBrainz\CMusicBrainzLookup.hpp">
      <Filter>Header Files\MusicBrainz</Filter>
    </CustomBuild>
    <CustomBuild Include="Sources\CLibraryFolder.hpp">
      <Filter>Header Files</Filter>
    </CustomBuild>
    <CustomBuild Include="Sources\Dialog\CDialogPreferencesFolder.hpp">
      <Filter>Header Files\Dialog</Filter>
    </CustomBuild>
    <CustomBuild Include="Sources\CEqualizerPreset.hpp">
      <Filter>Header Files</Filter>
    </CustomBuild>
    <CustomBuild Include="Form\DialogAbout.ui">
      <Filter>Form Files</Filter>
    </CustomBuild>
    <CustomBuild Include="Form\DialogCDRomDriveInfos.ui">
      <Filter>Form Files</Filter>
    </CustomBuild>
    <CustomBuild Include="Form\DialogEditDynamicPlayList.ui">
      <Filter>Form Files</Filter>
    </CustomBuild>
    <CustomBuild Include="Form\DialogEditFolder.ui">
      <Filter>Form Files</Filter>
    </CustomBuild>
    <CustomBuild Include="Form\DialogEditMetadata.ui">
      <Filter>Form Files</Filter>
    </CustomBuild>
    <CustomBuild Include="Form\DialogEditSong.ui">
      <Filter>Form Files</Filter>
    </CustomBuild>
    <CustomBuild Include="Form\DialogEditSongs.ui">
      <Filter>Form Files</Filter>
    </CustomBuild>
    <CustomBuild Include="Form\DialogEditStaticPlayList.ui">
      <Filter>Form Files</Filter>
    </CustomBuild>
    <CustomBuild Include="Form\DialogEqualizer.ui">
      <Filter>Form Files</Filter>
    </CustomBuild>
    <CustomBuild Include="Form\DialogLastPlays.ui">
      <Filter>Form Files</Filter>
    </CustomBuild>
    <CustomBuild Include="Form\DialogNotifications.ui">
      <Filter>Form Files</Filter>
    </CustomBuild>
    <CustomBuild Include="Form\DialogPreferences.ui">
      <Filter>Form Files</Filter>
    </CustomBuild>
    <CustomBuild Include="Form\DialogPreferencesFolder.ui">
      <Filter>Form Files</Filter>
    </CustomBuild>
    <CustomBuild Include="Form\DialogRemoveFolder.ui">
      <Filter>Form Files</Filter>
    </CustomBuild>
    <CustomBuild Include="Form\ImporterITunesPage3.ui">
      <Filter>Form Files</Filter>
    </CustomBuild>
    <CustomBuild Include="Form\TMediaPlayer.ui">
      <Filter>Form Files</Filter>
    </CustomBuild>
    <CustomBuild Include="Form\WidgetControl.ui">
      <Filter>Form Files</Filter>
    </CustomBuild>
    <CustomBuild Include="Sources\CQueuePlayList.hpp">
      <Filter>Header Files</Filter>
    </CustomBuild>
    <CustomBuild Include="Sources\CCriterion.hpp">
      <Filter>Header Files</Filter>
    </CustomBuild>
    <CustomBuild Include="Sources\IWidgetCriterion.hpp">
      <Filter>Header Files</Filter>
    </CustomBuild>
    <CustomBuild Include="Sources\CWidgetMultiCriteria.hpp">
      <Filter>Header Files</Filter>
    </CustomBuild>
    <CustomBuild Include="Sources\CMultiCriteria.hpp">
      <Filter>Header Files</Filter>
    </CustomBuild>
    <CustomBuild Include="Sources\ICriterion.hpp">
      <Filter>Header Files</Filter>
    </CustomBuild>
    <CustomBuild Include="Sources\CWidgetCriterion.hpp">
      <Filter>Header Files</Filter>
    </CustomBuild>
    <CustomBuild Include="Form\WidgetMultiCriteria.ui">
      <Filter>Form Files</Filter>
    </CustomBuild>
    <CustomBuild Include="Form\WidgetCriterion.ui">
      <Filter>Form Files</Filter>
    </CustomBuild>
    <CustomBuild Include="Sources\CLibraryModel.hpp">
      <Filter>Header Files</Filter>
    </CustomBuild>
    <CustomBuild Include="Sources\CLibraryView.hpp">
      <Filter>Header Files</Filter>
    </CustomBuild>
    <CustomBuild Include="Sources\CMediaTableModel.hpp">
      <Filter>Header Files</Filter>
    </CustomBuild>
    <CustomBuild Include="Sources\CMediaTableHeader.hpp">
      <Filter>Header Files</Filter>
    </CustomBuild>
    <CustomBuild Include="Sources\CMediaTableView.hpp">
      <Filter>Header Files</Filter>
    </CustomBuild>
    <CustomBuild Include="Sources\CStaticList.hpp">
      <Filter>Header Files</Filter>
    </CustomBuild>
    <CustomBuild Include="Sources\CMainWindow.hpp">
      <Filter>Header Files</Filter>
    </CustomBuild>
    <CustomBuild Include="Sources\CMediaManager.hpp">
      <Filter>Header Files</Filter>
    </CustomBuild>
    <CustomBuild Include="Sources\CWidgetLineEditMultiple.hpp">
      <Filter>Header Files</Filter>
    </CustomBuild>
    <CustomBuild Include="Sources\Last.fm\CGetRecentTracks.hpp">
      <Filter>Header Files\Last.fm</Filter>
    </CustomBuild>
    <CustomBuild Include="Form\DialogEditMetadataXiph.ui">
      <Filter>Form Files</Filter>
    </CustomBuild>
    <CustomBuild Include="Sources\Dialog\CDialogEditXiphComment.hpp">
      <Filter>Header Files\Dialog</Filter>
    </CustomBuild>
    <CustomBuild Include="Form\DialogEffects.ui">
      <Filter>Form Files</Filter>
    </CustomBuild>
    <CustomBuild Include="Sources\Dialog\CDialogEffects.hpp">
      <Filter>Header Files\Dialog</Filter>
    </CustomBuild>
  </ItemGroup>
  <ItemGroup>
    <ClInclude Include="Sources\CRating.hpp">
      <Filter>Header Files</Filter>
    </ClInclude>
    <ClInclude Include="resource.h">
      <Filter>Header Files</Filter>
    </ClInclude>
    <ClInclude Include="Sources\Language.hpp">
      <Filter>Header Files</Filter>
    </ClInclude>
    <ClInclude Include="Sources\CDRomDrive.hpp">
      <Filter>Header Files</Filter>
    </ClInclude>
    <ClInclude Include="Sources\MusicBrainz\base64.h">
      <Filter>Header Files\MusicBrainz</Filter>
    </ClInclude>
    <ClInclude Include="Sources\MusicBrainz\sha1.h">
      <Filter>Header Files\MusicBrainz</Filter>
    </ClInclude>
    <ClInclude Include="Sources\Utils.hpp">
      <Filter>Header Files</Filter>
    </ClInclude>
    <ClInclude Include="GeneratedFiles\$(PlatformName)\ui_DialogAbout.h">
      <Filter>Generated Files</Filter>
    </ClInclude>
    <ClInclude Include="GeneratedFiles\$(PlatformName)\ui_DialogCDRomDriveInfos.h">
      <Filter>Generated Files</Filter>
    </ClInclude>
    <ClInclude Include="GeneratedFiles\$(PlatformName)\ui_DialogEditDynamicPlayList.h">
      <Filter>Generated Files</Filter>
    </ClInclude>
    <ClInclude Include="GeneratedFiles\$(PlatformName)\ui_DialogEditFolder.h">
      <Filter>Generated Files</Filter>
    </ClInclude>
    <ClInclude Include="GeneratedFiles\$(PlatformName)\ui_DialogEditMetadata.h">
      <Filter>Generated Files</Filter>
    </ClInclude>
    <ClInclude Include="GeneratedFiles\$(PlatformName)\ui_DialogEditSong.h">
      <Filter>Generated Files</Filter>
    </ClInclude>
    <ClInclude Include="GeneratedFiles\$(PlatformName)\ui_DialogEditSongs.h">
      <Filter>Generated Files</Filter>
    </ClInclude>
    <ClInclude Include="GeneratedFiles\$(PlatformName)\ui_DialogEditStaticPlayList.h">
      <Filter>Generated Files</Filter>
    </ClInclude>
    <ClInclude Include="GeneratedFiles\$(PlatformName)\ui_DialogEqualizer.h">
      <Filter>Generated Files</Filter>
    </ClInclude>
    <ClInclude Include="GeneratedFiles\$(PlatformName)\ui_DialogLastPlays.h">
      <Filter>Generated Files</Filter>
    </ClInclude>
    <ClInclude Include="GeneratedFiles\$(PlatformName)\ui_DialogNotifications.h">
      <Filter>Generated Files</Filter>
    </ClInclude>
    <ClInclude Include="GeneratedFiles\$(PlatformName)\ui_DialogPreferences.h">
      <Filter>Generated Files</Filter>
    </ClInclude>
    <ClInclude Include="GeneratedFiles\$(PlatformName)\ui_DialogPreferencesFolder.h">
      <Filter>Generated Files</Filter>
    </ClInclude>
    <ClInclude Include="GeneratedFiles\$(PlatformName)\ui_DialogRemoveFolder.h">
      <Filter>Generated Files</Filter>
    </ClInclude>
    <ClInclude Include="GeneratedFiles\$(PlatformName)\ui_ImporterITunesPage3.h">
      <Filter>Generated Files</Filter>
    </ClInclude>
    <ClInclude Include="GeneratedFiles\$(PlatformName)\ui_TMediaPlayer.h">
      <Filter>Generated Files</Filter>
    </ClInclude>
    <ClInclude Include="GeneratedFiles\$(PlatformName)\ui_WidgetControl.h">
      <Filter>Generated Files</Filter>
    </ClInclude>
    <ClInclude Include="GeneratedFiles\$(PlatformName)\ui_WidgetMultiCriteria.h">
      <Filter>Generated Files</Filter>
    </ClInclude>
    <ClInclude Include="GeneratedFiles\$(PlatformName)\ui_WidgetCriterion.h">
      <Filter>Generated Files</Filter>
    </ClInclude>
    <ClInclude Include="Sources\CMediaTableItem.hpp">
      <Filter>Header Files</Filter>
    </ClInclude>
    <ClInclude Include="Sources\IMediaTable.hpp">
      <Filter>Header Files</Filter>
    </ClInclude>
    <ClInclude Include="GeneratedFiles\$(PlatformName)\ui_DialogEditMetadataXiph.h">
      <Filter>Generated Files</Filter>
    </ClInclude>
    <ClInclude Include="GeneratedFiles\$(PlatformName)\ui_DialogEffects.h">
      <Filter>Generated Files</Filter>
    </ClInclude>
    <ClInclude Include="Sources\CSongTitle.hpp">
      <Filter>Header Files</Filter>
    </ClInclude>
  </ItemGroup>
  <ItemGroup>
    <None Include="Lang\TMediaPlayer_fr.ts">
      <Filter>Translation Files</Filter>
    </None>
    <None Include="Lang\TMediaPlayer_en.ts">
      <Filter>Translation Files</Filter>
    </None>
    <None Include="Resources\TMediaPlayer.ico">
      <Filter>Resource Files</Filter>
    </None>
    <None Include="Resources\icon_muet.png">
      <Filter>Resource Files</Filter>
    </None>
    <None Include="Resources\icon_next.png">
      <Filter>Resource Files</Filter>
    </None>
    <None Include="Resources\icon_pause.png">
      <Filter>Resource Files</Filter>
    </None>
    <None Include="Resources\icon_play.png">
      <Filter>Resource Files</Filter>
    </None>
    <None Include="Resources\icon_preferences.png">
      <Filter>Resource Files</Filter>
    </None>
    <None Include="Resources\icon_previous.png">
      <Filter>Resource Files</Filter>
    </None>
    <None Include="Resources\icon_stop.png">
      <Filter>Resource Files</Filter>
    </None>
    <None Include="Resources\icon_volume.png">
      <Filter>Resource Files</Filter>
    </None>
    <None Include="Resources\icon_dynamic_list.png">
      <Filter>Resource Files</Filter>
    </None>
    <None Include="Resources\icon_playlist.png">
      <Filter>Resource Files</Filter>
    </None>
    <None Include="Resources\icon_song.png">
      <Filter>Resource Files</Filter>
    </None>
    <None Include="Resources\icon_folder_close.png">
      <Filter>Resource Files</Filter>
    </None>
    <None Include="Resources\icon_folder_open.png">
      <Filter>Resource Files</Filter>
    </None>
    <None Include="Resources\TMediaPlayer.png">
      <Filter>Resource Files</Filter>
    </None>
    <None Include="Resources\icon_library.png">
      <Filter>Resource Files</Filter>
    </None>
    <None Include="Resources\icon_song_paused.png">
      <Filter>Resource Files</Filter>
    </None>
    <None Include="Resources\icon_song_playing.png">
      <Filter>Resource Files</Filter>
    </None>
    <None Include="Resources\icon_repeat_off.png">
      <Filter>Resource Files</Filter>
    </None>
    <None Include="Resources\icon_repeat_on.png">
      <Filter>Resource Files</Filter>
    </None>
    <None Include="Resources\icon_shuffle_off.png">
      <Filter>Resource Files</Filter>
    </None>
    <None Include="Resources\icon_shuffle_on.png">
      <Filter>Resource Files</Filter>
    </None>
    <None Include="Resources\equalizer.png">
      <Filter>Resource Files</Filter>
    </None>
    <None Include="Resources\icon_cd.png">
      <Filter>Resource Files</Filter>
    </None>
    <None Include="Resources\clear.png">
      <Filter>Resource Files</Filter>
    </None>
    <None Include="Resources\icon_repeat_song.png">
      <Filter>Resource Files</Filter>
    </None>
    <None Include="Resources\format_flac.ico">
      <Filter>Resource Files</Filter>
    </None>
    <None Include="Resources\format_mp3.ico">
      <Filter>Resource Files</Filter>
    </None>
    <None Include="Resources\format_wav.ico">
      <Filter>Resource Files</Filter>
    </None>
    <None Include="Resources\format_wma.ico">
      <Filter>Resource Files</Filter>
    </None>
    <None Include="ClassDiagram.cd" />
  </ItemGroup>
  <ItemGroup>
    <ResourceCompile Include="TMediaPlayer.rc">
      <Filter>Resource Files</Filter>
    </ResourceCompile>
  </ItemGroup>
</Project>